
Microsoft Visual Studio Solution File, Format Version 12.00
Project("{2150E333-8FDC-42A3-9474-1A3956D46DE8}") = "src", "src", "{2ACEB1C3-9B00-4E2D-9C0A-B2AEFED56310}"
EndProject
Project("{2150E333-8FDC-42A3-9474-1A3956D46DE8}") = "tests", "tests", "{DFF702F1-4D1E-45DA-A6B5-B7708EAEBED9}"
EndProject
Project("{2150E333-8FDC-42A3-9474-1A3956D46DE8}") = "application", "application", "{54386D6C-46C8-4142-B251-6E3E2BF99CE5}"
EndProject
Project("{2150E333-8FDC-42A3-9474-1A3956D46DE8}") = "domain", "domain", "{D0ACEECC-F6C3-4446-8B8C-17F48DCE9BEE}"
EndProject
Project("{2150E333-8FDC-42A3-9474-1A3956D46DE8}") = "infrastructure", "infrastructure", "{F4795624-AA86-4DD9-A3E8-80CA02C86B94}"
EndProject
Project("{2150E333-8FDC-42A3-9474-1A3956D46DE8}") = "presentation", "presentation", "{0D1CB442-D128-4D18-8AED-BF2B956D475F}"
EndProject
Project("{2150E333-8FDC-42A3-9474-1A3956D46DE8}") = "unit", "unit", "{BAF8C030-6328-4A7D-829B-1CF09F64823D}"
EndProject
Project("{2150E333-8FDC-42A3-9474-1A3956D46DE8}") = "integration", "integration", "{8973282B-1B61-46F9-88CB-8A4DFDB159AD}"
EndProject
Project("{FAE04EC0-301F-11D3-BF4B-00C04F79EFBC}") = "BrazilCities.Api", "src\BrazilCities.Api\BrazilCities.Api.csproj", "{A9F72349-19D2-4D54-984E-CE1680BD047B}"
EndProject
Project("{FAE04EC0-301F-11D3-BF4B-00C04F79EFBC}") = "BrazilCities.Persistence", "src\BrazilCities.Persistence\BrazilCities.Persistence.csproj", "{ED04497D-FBEA-4E8F-A751-D5C2990B5259}"
EndProject
Project("{FAE04EC0-301F-11D3-BF4B-00C04F79EFBC}") = "BrazilCities.Domain", "src\BrazilCities.Domain\BrazilCities.Domain.csproj", "{27BA41D6-8037-48FB-B852-664D84EA45D6}"
EndProject
Project("{FAE04EC0-301F-11D3-BF4B-00C04F79EFBC}") = "BrazilCities.Application", "src\BrazilCities.Application\BrazilCities.Application.csproj", "{BB1921C5-31C2-46A7-94FD-F3E66876AF03}"
EndProject
Global
	GlobalSection(SolutionConfigurationPlatforms) = preSolution
		Debug|Any CPU = Debug|Any CPU
		Release|Any CPU = Release|Any CPU
	EndGlobalSection
	GlobalSection(NestedProjects) = preSolution
		{54386D6C-46C8-4142-B251-6E3E2BF99CE5} = {2ACEB1C3-9B00-4E2D-9C0A-B2AEFED56310}
		{D0ACEECC-F6C3-4446-8B8C-17F48DCE9BEE} = {2ACEB1C3-9B00-4E2D-9C0A-B2AEFED56310}
		{F4795624-AA86-4DD9-A3E8-80CA02C86B94} = {2ACEB1C3-9B00-4E2D-9C0A-B2AEFED56310}
		{0D1CB442-D128-4D18-8AED-BF2B956D475F} = {2ACEB1C3-9B00-4E2D-9C0A-B2AEFED56310}
		{BAF8C030-6328-4A7D-829B-1CF09F64823D} = {DFF702F1-4D1E-45DA-A6B5-B7708EAEBED9}
		{8973282B-1B61-46F9-88CB-8A4DFDB159AD} = {DFF702F1-4D1E-45DA-A6B5-B7708EAEBED9}
		{A9F72349-19D2-4D54-984E-CE1680BD047B} = {0D1CB442-D128-4D18-8AED-BF2B956D475F}
		{ED04497D-FBEA-4E8F-A751-D5C2990B5259} = {F4795624-AA86-4DD9-A3E8-80CA02C86B94}
		{27BA41D6-8037-48FB-B852-664D84EA45D6} = {D0ACEECC-F6C3-4446-8B8C-17F48DCE9BEE}
		{BB1921C5-31C2-46A7-94FD-F3E66876AF03} = {54386D6C-46C8-4142-B251-6E3E2BF99CE5}
	EndGlobalSection
	GlobalSection(ProjectConfigurationPlatforms) = postSolution
		{A9F72349-19D2-4D54-984E-CE1680BD047B}.Debug|Any CPU.ActiveCfg = Debug|Any CPU
		{A9F72349-19D2-4D54-984E-CE1680BD047B}.Debug|Any CPU.Build.0 = Debug|Any CPU
		{A9F72349-19D2-4D54-984E-CE1680BD047B}.Release|Any CPU.ActiveCfg = Release|Any CPU
		{A9F72349-19D2-4D54-984E-CE1680BD047B}.Release|Any CPU.Build.0 = Release|Any CPU
		{ED04497D-FBEA-4E8F-A751-D5C2990B5259}.Debug|Any CPU.ActiveCfg = Debug|Any CPU
		{ED04497D-FBEA-4E8F-A751-D5C2990B5259}.Debug|Any CPU.Build.0 = Debug|Any CPU
		{ED04497D-FBEA-4E8F-A751-D5C2990B5259}.Release|Any CPU.ActiveCfg = Release|Any CPU
		{ED04497D-FBEA-4E8F-A751-D5C2990B5259}.Release|Any CPU.Build.0 = Release|Any CPU
		{27BA41D6-8037-48FB-B852-664D84EA45D6}.Debug|Any CPU.ActiveCfg = Debug|Any CPU
		{27BA41D6-8037-48FB-B852-664D84EA45D6}.Debug|Any CPU.Build.0 = Debug|Any CPU
		{27BA41D6-8037-48FB-B852-664D84EA45D6}.Release|Any CPU.ActiveCfg = Release|Any CPU
		{27BA41D6-8037-48FB-B852-664D84EA45D6}.Release|Any CPU.Build.0 = Release|Any CPU
		{BB1921C5-31C2-46A7-94FD-F3E66876AF03}.Debug|Any CPU.ActiveCfg = Debug|Any CPU
		{BB1921C5-31C2-46A7-94FD-F3E66876AF03}.Debug|Any CPU.Build.0 = Debug|Any CPU
		{BB1921C5-31C2-46A7-94FD-F3E66876AF03}.Release|Any CPU.ActiveCfg = Release|Any CPU
		{BB1921C5-31C2-46A7-94FD-F3E66876AF03}.Release|Any CPU.Build.0 = Release|Any CPU
	EndGlobalSection
EndGlobal
